// !$*UTF8*$!
{
	archiveVersion = 1;
	classes = {
	};
	objectVersion = 46;
	objects = {

/* Begin PBXBuildFile section */
		695028371AF39EB7000DACA0 /* AppDelegate.m in Sources */ = {isa = PBXBuildFile; fileRef = 69D47FAB1AEA97DC00E1F9EE /* AppDelegate.m */; };
		695028381AF39EB7000DACA0 /* main.m in Sources */ = {isa = PBXBuildFile; fileRef = 69D47F851AEA978700E1F9EE /* main.m */; };
		6950283C1AF39EB7000DACA0 /* LaunchScreen.xib in Resources */ = {isa = PBXBuildFile; fileRef = 69D47F921AEA978700E1F9EE /* LaunchScreen.xib */; };
		6950283D1AF39EB7000DACA0 /* Images.xcassets in Resources */ = {isa = PBXBuildFile; fileRef = 69D47F901AEA978700E1F9EE /* Images.xcassets */; };
		695028451AF39F5C000DACA0 /* calabash.framework in Frameworks */ = {isa = PBXBuildFile; fileRef = 695028441AF39F5C000DACA0 /* calabash.framework */; };
		696496501AF421A100BC24B5 /* Main.storyboard in Resources */ = {isa = PBXBuildFile; fileRef = 6964964F1AF421A100BC24B5 /* Main.storyboard */; };
		696496511AF421A100BC24B5 /* Main.storyboard in Resources */ = {isa = PBXBuildFile; fileRef = 6964964F1AF421A100BC24B5 /* Main.storyboard */; };
		697994A21AF885E500D0F183 /* AppDelegateSpec.m in Sources */ = {isa = PBXBuildFile; fileRef = 697994A11AF885E500D0F183 /* AppDelegateSpec.m */; };
		697994AB1AF88CF700D0F183 /* QuizViewController.m in Sources */ = {isa = PBXBuildFile; fileRef = 697994A91AF88CF700D0F183 /* QuizViewController.m */; };
		697994AC1AF88CF700D0F183 /* QuizViewController.m in Sources */ = {isa = PBXBuildFile; fileRef = 697994A91AF88CF700D0F183 /* QuizViewController.m */; };
		697994AD1AF88CF700D0F183 /* QuizViewController.xib in Resources */ = {isa = PBXBuildFile; fileRef = 697994AA1AF88CF700D0F183 /* QuizViewController.xib */; };
		697994AE1AF88CF700D0F183 /* QuizViewController.xib in Resources */ = {isa = PBXBuildFile; fileRef = 697994AA1AF88CF700D0F183 /* QuizViewController.xib */; };
		697994B31AF893BF00D0F183 /* QuizViewControllerSpec.m in Sources */ = {isa = PBXBuildFile; fileRef = 697994B21AF893BF00D0F183 /* QuizViewControllerSpec.m */; };
		69D47F861AEA978700E1F9EE /* main.m in Sources */ = {isa = PBXBuildFile; fileRef = 69D47F851AEA978700E1F9EE /* main.m */; };
		69D47F911AEA978700E1F9EE /* Images.xcassets in Resources */ = {isa = PBXBuildFile; fileRef = 69D47F901AEA978700E1F9EE /* Images.xcassets */; };
		69D47F941AEA978700E1F9EE /* LaunchScreen.xib in Resources */ = {isa = PBXBuildFile; fileRef = 69D47F921AEA978700E1F9EE /* LaunchScreen.xib */; };
		69D47FAC1AEA97DC00E1F9EE /* AppDelegate.m in Sources */ = {isa = PBXBuildFile; fileRef = 69D47FAB1AEA97DC00E1F9EE /* AppDelegate.m */; };
		749DDF46B28493E19F497EAC /* libPods-QuizTests.a in Frameworks */ = {isa = PBXBuildFile; fileRef = F8190897B364BD4B4FE1407B /* libPods-QuizTests.a */; };
/* End PBXBuildFile section */

/* Begin PBXContainerItemProxy section */
		69D47F9A1AEA978700E1F9EE /* PBXContainerItemProxy */ = {
			isa = PBXContainerItemProxy;
			containerPortal = 69D47F781AEA978700E1F9EE /* Project object */;
			proxyType = 1;
			remoteGlobalIDString = 69D47F7F1AEA978700E1F9EE;
			remoteInfo = Quiz;
		};
/* End PBXContainerItemProxy section */

/* Begin PBXFileReference section */
		6950282C1AF39692000DACA0 /* Quiz-cal-Info.plist */ = {isa = PBXFileReference; lastKnownFileType = text.plist.xml; name = "Quiz-cal-Info.plist"; path = "/Users/dave.green/Desktop/Quiz/Quiz-cal-Info.plist"; sourceTree = "<absolute>"; };
		6950282F1AF39CBE000DACA0 /* CFNetwork.framework */ = {isa = PBXFileReference; lastKnownFileType = wrapper.framework; name = CFNetwork.framework; path = System/Library/Frameworks/CFNetwork.framework; sourceTree = SDKROOT; };
		695028421AF39EB7000DACA0 /* Quiz copy.app */ = {isa = PBXFileReference; explicitFileType = wrapper.application; includeInIndex = 0; path = "Quiz copy.app"; sourceTree = BUILT_PRODUCTS_DIR; };
		695028441AF39F5C000DACA0 /* calabash.framework */ = {isa = PBXFileReference; lastKnownFileType = wrapper.framework; path = calabash.framework; sourceTree = "<group>"; };
		6964964F1AF421A100BC24B5 /* Main.storyboard */ = {isa = PBXFileReference; fileEncoding = 4; lastKnownFileType = file.storyboard; path = Main.storyboard; sourceTree = "<group>"; };
		697994A11AF885E500D0F183 /* AppDelegateSpec.m */ = {isa = PBXFileReference; fileEncoding = 4; lastKnownFileType = sourcecode.c.objc; name = AppDelegateSpec.m; path = "Supporting Files/AppDelegateSpec.m"; sourceTree = "<group>"; };
		697994A81AF88CF700D0F183 /* QuizViewController.h */ = {isa = PBXFileReference; fileEncoding = 4; lastKnownFileType = sourcecode.c.h; name = QuizViewController.h; path = "View Controllers/QuizViewController.h"; sourceTree = "<group>"; };
		697994A91AF88CF700D0F183 /* QuizViewController.m */ = {isa = PBXFileReference; fileEncoding = 4; lastKnownFileType = sourcecode.c.objc; name = QuizViewController.m; path = "View Controllers/QuizViewController.m"; sourceTree = "<group>"; };
		697994AA1AF88CF700D0F183 /* QuizViewController.xib */ = {isa = PBXFileReference; fileEncoding = 4; lastKnownFileType = file.xib; name = QuizViewController.xib; path = "View Controllers/QuizViewController.xib"; sourceTree = "<group>"; };
		697994B21AF893BF00D0F183 /* QuizViewControllerSpec.m */ = {isa = PBXFileReference; fileEncoding = 4; lastKnownFileType = sourcecode.c.objc; name = QuizViewControllerSpec.m; path = "View Controller Tests/Home/QuizViewControllerSpec.m"; sourceTree = "<group>"; };
		69D47F801AEA978700E1F9EE /* Quiz.app */ = {isa = PBXFileReference; explicitFileType = wrapper.application; includeInIndex = 0; path = Quiz.app; sourceTree = BUILT_PRODUCTS_DIR; };
		69D47F841AEA978700E1F9EE /* Info.plist */ = {isa = PBXFileReference; lastKnownFileType = text.plist.xml; path = Info.plist; sourceTree = "<group>"; };
		69D47F851AEA978700E1F9EE /* main.m */ = {isa = PBXFileReference; lastKnownFileType = sourcecode.c.objc; path = main.m; sourceTree = "<group>"; };
		69D47F901AEA978700E1F9EE /* Images.xcassets */ = {isa = PBXFileReference; lastKnownFileType = folder.assetcatalog; path = Images.xcassets; sourceTree = "<group>"; };
		69D47F931AEA978700E1F9EE /* Base */ = {isa = PBXFileReference; lastKnownFileType = file.xib; name = Base; path = Base.lproj/LaunchScreen.xib; sourceTree = "<group>"; };
		69D47F991AEA978700E1F9EE /* QuizTests.xctest */ = {isa = PBXFileReference; explicitFileType = wrapper.cfbundle; includeInIndex = 0; path = QuizTests.xctest; sourceTree = BUILT_PRODUCTS_DIR; };
		69D47F9E1AEA978700E1F9EE /* Info.plist */ = {isa = PBXFileReference; lastKnownFileType = text.plist.xml; path = Info.plist; sourceTree = "<group>"; };
		69D47FAA1AEA97DC00E1F9EE /* AppDelegate.h */ = {isa = PBXFileReference; fileEncoding = 4; lastKnownFileType = sourcecode.c.h; name = AppDelegate.h; path = App/AppDelegate.h; sourceTree = "<group>"; };
		69D47FAB1AEA97DC00E1F9EE /* AppDelegate.m */ = {isa = PBXFileReference; fileEncoding = 4; lastKnownFileType = sourcecode.c.objc; name = AppDelegate.m; path = App/AppDelegate.m; sourceTree = "<group>"; };
		76189208B3867C6C4ACBA8D2 /* Pods-QuizTests.debug.xcconfig */ = {isa = PBXFileReference; includeInIndex = 1; lastKnownFileType = text.xcconfig; name = "Pods-QuizTests.debug.xcconfig"; path = "Pods/Target Support Files/Pods-QuizTests/Pods-QuizTests.debug.xcconfig"; sourceTree = "<group>"; };
		872342117CDA3C11568C5D7C /* Pods-QuizTests.release.xcconfig */ = {isa = PBXFileReference; includeInIndex = 1; lastKnownFileType = text.xcconfig; name = "Pods-QuizTests.release.xcconfig"; path = "Pods/Target Support Files/Pods-QuizTests/Pods-QuizTests.release.xcconfig"; sourceTree = "<group>"; };
		F8190897B364BD4B4FE1407B /* libPods-QuizTests.a */ = {isa = PBXFileReference; explicitFileType = archive.ar; includeInIndex = 0; path = "libPods-QuizTests.a"; sourceTree = BUILT_PRODUCTS_DIR; };
/* End PBXFileReference section */

/* Begin PBXFrameworksBuildPhase section */
		6950283A1AF39EB7000DACA0 /* Frameworks */ = {
			isa = PBXFrameworksBuildPhase;
			buildActionMask = 2147483647;
			files = (
				695028451AF39F5C000DACA0 /* calabash.framework in Frameworks */,
			);
			runOnlyForDeploymentPostprocessing = 0;
		};
		69D47F7D1AEA978700E1F9EE /* Frameworks */ = {
			isa = PBXFrameworksBuildPhase;
			buildActionMask = 2147483647;
			files = (
			);
			runOnlyForDeploymentPostprocessing = 0;
		};
		69D47F961AEA978700E1F9EE /* Frameworks */ = {
			isa = PBXFrameworksBuildPhase;
			buildActionMask = 2147483647;
			files = (
				749DDF46B28493E19F497EAC /* libPods-QuizTests.a in Frameworks */,
			);
			runOnlyForDeploymentPostprocessing = 0;
		};
/* End PBXFrameworksBuildPhase section */

/* Begin PBXGroup section */
		300839594B9976FB3C37830D /* Pods */ = {
			isa = PBXGroup;
			children = (
				76189208B3867C6C4ACBA8D2 /* Pods-QuizTests.debug.xcconfig */,
				872342117CDA3C11568C5D7C /* Pods-QuizTests.release.xcconfig */,
			);
			name = Pods;
			sourceTree = "<group>";
		};
		696496521AF421BC00BC24B5 /* Views */ = {
			isa = PBXGroup;
			children = (
				6964964F1AF421A100BC24B5 /* Main.storyboard */,
			);
			name = Views;
			sourceTree = "<group>";
		};
		697994A01AF885A200D0F183 /* Supporting Files */ = {
			isa = PBXGroup;
			children = (
				697994A11AF885E500D0F183 /* AppDelegateSpec.m */,
			);
			name = "Supporting Files";
			sourceTree = "<group>";
		};
		69D47F771AEA978700E1F9EE = {
			isa = PBXGroup;
			children = (
				69D47F821AEA978700E1F9EE /* Quiz */,
				69D47F9C1AEA978700E1F9EE /* QuizTests */,
				69D47F811AEA978700E1F9EE /* Products */,
				300839594B9976FB3C37830D /* Pods */,
				A6403D7F5ED06659373E254E /* Frameworks */,
				6950282C1AF39692000DACA0 /* Quiz-cal-Info.plist */,
			);
			sourceTree = "<group>";
		};
		69D47F811AEA978700E1F9EE /* Products */ = {
			isa = PBXGroup;
			children = (
				69D47F801AEA978700E1F9EE /* Quiz.app */,
				69D47F991AEA978700E1F9EE /* QuizTests.xctest */,
				695028421AF39EB7000DACA0 /* Quiz copy.app */,
			);
			name = Products;
			sourceTree = "<group>";
		};
		69D47F821AEA978700E1F9EE /* Quiz */ = {
			isa = PBXGroup;
			children = (
				696496521AF421BC00BC24B5 /* Views */,
				69D47FAD1AEA988600E1F9EE /* View Controllers */,
				69D47FA91AEA97C800E1F9EE /* App */,
				69D47F901AEA978700E1F9EE /* Images.xcassets */,
				69D47F921AEA978700E1F9EE /* LaunchScreen.xib */,
				69D47F831AEA978700E1F9EE /* Supporting Files */,
			);
			path = Quiz;
			sourceTree = "<group>";
		};
		69D47F831AEA978700E1F9EE /* Supporting Files */ = {
			isa = PBXGroup;
			children = (
				69D47F841AEA978700E1F9EE /* Info.plist */,
				69D47F851AEA978700E1F9EE /* main.m */,
			);
			name = "Supporting Files";
			sourceTree = "<group>";
		};
		69D47F9C1AEA978700E1F9EE /* QuizTests */ = {
			isa = PBXGroup;
			children = (
				697994A01AF885A200D0F183 /* Supporting Files */,
				69D47FB41AEA99EE00E1F9EE /* View Controller Tests */,
				69D47F9D1AEA978700E1F9EE /* Supporting Files */,
			);
			path = QuizTests;
			sourceTree = "<group>";
		};
		69D47F9D1AEA978700E1F9EE /* Supporting Files */ = {
			isa = PBXGroup;
			children = (
				69D47F9E1AEA978700E1F9EE /* Info.plist */,
			);
			name = "Supporting Files";
			sourceTree = "<group>";
		};
		69D47FA91AEA97C800E1F9EE /* App */ = {
			isa = PBXGroup;
			children = (
				69D47FAA1AEA97DC00E1F9EE /* AppDelegate.h */,
				69D47FAB1AEA97DC00E1F9EE /* AppDelegate.m */,
			);
			name = App;
			sourceTree = "<group>";
		};
		69D47FAD1AEA988600E1F9EE /* View Controllers */ = {
			isa = PBXGroup;
			children = (
				69D47FAE1AEA989200E1F9EE /* Home */,
			);
			name = "View Controllers";
			sourceTree = "<group>";
		};
		69D47FAE1AEA989200E1F9EE /* Home */ = {
			isa = PBXGroup;
			children = (
				697994A81AF88CF700D0F183 /* QuizViewController.h */,
				697994A91AF88CF700D0F183 /* QuizViewController.m */,
				697994AA1AF88CF700D0F183 /* QuizViewController.xib */,
			);
			name = Home;
			sourceTree = "<group>";
		};
		69D47FB41AEA99EE00E1F9EE /* View Controller Tests */ = {
			isa = PBXGroup;
			children = (
				697994B21AF893BF00D0F183 /* QuizViewControllerSpec.m */,
			);
			name = "View Controller Tests";
			sourceTree = "<group>";
		};
		A6403D7F5ED06659373E254E /* Frameworks */ = {
			isa = PBXGroup;
			children = (
				6950282F1AF39CBE000DACA0 /* CFNetwork.framework */,
				F8190897B364BD4B4FE1407B /* libPods-QuizTests.a */,
				695028441AF39F5C000DACA0 /* calabash.framework */,
			);
			name = Frameworks;
			sourceTree = "<group>";
		};
/* End PBXGroup section */

/* Begin PBXNativeTarget section */
		695028351AF39EB7000DACA0 /* Quiz-cal */ = {
			isa = PBXNativeTarget;
			buildConfigurationList = 6950283F1AF39EB7000DACA0 /* Build configuration list for PBXNativeTarget "Quiz-cal" */;
			buildPhases = (
				695028361AF39EB7000DACA0 /* Sources */,
				6950283A1AF39EB7000DACA0 /* Frameworks */,
				6950283B1AF39EB7000DACA0 /* Resources */,
			);
			buildRules = (
			);
			dependencies = (
			);
			name = "Quiz-cal";
			productName = Quiz;
			productReference = 695028421AF39EB7000DACA0 /* Quiz copy.app */;
			productType = "com.apple.product-type.application";
		};
		69D47F7F1AEA978700E1F9EE /* Quiz */ = {
			isa = PBXNativeTarget;
			buildConfigurationList = 69D47FA31AEA978700E1F9EE /* Build configuration list for PBXNativeTarget "Quiz" */;
			buildPhases = (
				69D47F7C1AEA978700E1F9EE /* Sources */,
				69D47F7D1AEA978700E1F9EE /* Frameworks */,
				69D47F7E1AEA978700E1F9EE /* Resources */,
			);
			buildRules = (
			);
			dependencies = (
			);
			name = Quiz;
			productName = Quiz;
			productReference = 69D47F801AEA978700E1F9EE /* Quiz.app */;
			productType = "com.apple.product-type.application";
		};
		69D47F981AEA978700E1F9EE /* QuizTests */ = {
			isa = PBXNativeTarget;
			buildConfigurationList = 69D47FA61AEA978700E1F9EE /* Build configuration list for PBXNativeTarget "QuizTests" */;
			buildPhases = (
				609E234D70D2436A035BF5C2 /* Check Pods Manifest.lock */,
				69D47F951AEA978700E1F9EE /* Sources */,
				69D47F961AEA978700E1F9EE /* Frameworks */,
				69D47F971AEA978700E1F9EE /* Resources */,
				F6C3FC94201A6083ED45A5DD /* Copy Pods Resources */,
			);
			buildRules = (
			);
			dependencies = (
				69D47F9B1AEA978700E1F9EE /* PBXTargetDependency */,
			);
			name = QuizTests;
			productName = QuizTests;
			productReference = 69D47F991AEA978700E1F9EE /* QuizTests.xctest */;
			productType = "com.apple.product-type.bundle.unit-test";
		};
/* End PBXNativeTarget section */

/* Begin PBXProject section */
		69D47F781AEA978700E1F9EE /* Project object */ = {
			isa = PBXProject;
			attributes = {
				LastUpgradeCheck = 0610;
				ORGANIZATIONNAME = DeveloperDave;
				TargetAttributes = {
					69D47F7F1AEA978700E1F9EE = {
						CreatedOnToolsVersion = 6.1.1;
					};
					69D47F981AEA978700E1F9EE = {
						CreatedOnToolsVersion = 6.1.1;
						TestTargetID = 69D47F7F1AEA978700E1F9EE;
					};
				};
			};
			buildConfigurationList = 69D47F7B1AEA978700E1F9EE /* Build configuration list for PBXProject "Quiz" */;
			compatibilityVersion = "Xcode 3.2";
			developmentRegion = English;
			hasScannedForEncodings = 0;
			knownRegions = (
				en,
				Base,
			);
			mainGroup = 69D47F771AEA978700E1F9EE;
			productRefGroup = 69D47F811AEA978700E1F9EE /* Products */;
			projectDirPath = "";
			projectRoot = "";
			targets = (
				69D47F7F1AEA978700E1F9EE /* Quiz */,
				69D47F981AEA978700E1F9EE /* QuizTests */,
				695028351AF39EB7000DACA0 /* Quiz-cal */,
			);
		};
/* End PBXProject section */

/* Begin PBXResourcesBuildPhase section */
		6950283B1AF39EB7000DACA0 /* Resources */ = {
			isa = PBXResourcesBuildPhase;
			buildActionMask = 2147483647;
			files = (
				6950283C1AF39EB7000DACA0 /* LaunchScreen.xib in Resources */,
				6950283D1AF39EB7000DACA0 /* Images.xcassets in Resources */,
				696496511AF421A100BC24B5 /* Main.storyboard in Resources */,
				697994AE1AF88CF700D0F183 /* QuizViewController.xib in Resources */,
			);
			runOnlyForDeploymentPostprocessing = 0;
		};
		69D47F7E1AEA978700E1F9EE /* Resources */ = {
			isa = PBXResourcesBuildPhase;
			buildActionMask = 2147483647;
			files = (
				69D47F941AEA978700E1F9EE /* LaunchScreen.xib in Resources */,
				69D47F911AEA978700E1F9EE /* Images.xcassets in Resources */,
				696496501AF421A100BC24B5 /* Main.storyboard in Resources */,
				697994AD1AF88CF700D0F183 /* QuizViewController.xib in Resources */,
			);
			runOnlyForDeploymentPostprocessing = 0;
		};
		69D47F971AEA978700E1F9EE /* Resources */ = {
			isa = PBXResourcesBuildPhase;
			buildActionMask = 2147483647;
			files = (
			);
			runOnlyForDeploymentPostprocessing = 0;
		};
/* End PBXResourcesBuildPhase section */

/* Begin PBXShellScriptBuildPhase section */
		609E234D70D2436A035BF5C2 /* Check Pods Manifest.lock */ = {
			isa = PBXShellScriptBuildPhase;
			buildActionMask = 2147483647;
			files = (
			);
			inputPaths = (
			);
			name = "Check Pods Manifest.lock";
			outputPaths = (
			);
			runOnlyForDeploymentPostprocessing = 0;
			shellPath = /bin/sh;
			shellScript = "diff \"${PODS_ROOT}/../Podfile.lock\" \"${PODS_ROOT}/Manifest.lock\" > /dev/null\nif [[ $? != 0 ]] ; then\n    cat << EOM\nerror: The sandbox is not in sync with the Podfile.lock. Run 'pod install' or update your CocoaPods installation.\nEOM\n    exit 1\nfi\n";
			showEnvVarsInLog = 0;
		};
		F6C3FC94201A6083ED45A5DD /* Copy Pods Resources */ = {
			isa = PBXShellScriptBuildPhase;
			buildActionMask = 2147483647;
			files = (
			);
			inputPaths = (
			);
			name = "Copy Pods Resources";
			outputPaths = (
			);
			runOnlyForDeploymentPostprocessing = 0;
			shellPath = /bin/sh;
			shellScript = "\"${SRCROOT}/Pods/Target Support Files/Pods-QuizTests/Pods-QuizTests-resources.sh\"\n";
			showEnvVarsInLog = 0;
		};
/* End PBXShellScriptBuildPhase section */

/* Begin PBXSourcesBuildPhase section */
		695028361AF39EB7000DACA0 /* Sources */ = {
			isa = PBXSourcesBuildPhase;
			buildActionMask = 2147483647;
			files = (
				695028371AF39EB7000DACA0 /* AppDelegate.m in Sources */,
				695028381AF39EB7000DACA0 /* main.m in Sources */,
				697994AC1AF88CF700D0F183 /* QuizViewController.m in Sources */,
			);
			runOnlyForDeploymentPostprocessing = 0;
		};
		69D47F7C1AEA978700E1F9EE /* Sources */ = {
			isa = PBXSourcesBuildPhase;
			buildActionMask = 2147483647;
			files = (
				69D47FAC1AEA97DC00E1F9EE /* AppDelegate.m in Sources */,
				69D47F861AEA978700E1F9EE /* main.m in Sources */,
				697994AB1AF88CF700D0F183 /* QuizViewController.m in Sources */,
			);
			runOnlyForDeploymentPostprocessing = 0;
		};
		69D47F951AEA978700E1F9EE /* Sources */ = {
			isa = PBXSourcesBuildPhase;
			buildActionMask = 2147483647;
			files = (
				697994B31AF893BF00D0F183 /* QuizViewControllerSpec.m in Sources */,
				697994A21AF885E500D0F183 /* AppDelegateSpec.m in Sources */,
			);
			runOnlyForDeploymentPostprocessing = 0;
		};
/* End PBXSourcesBuildPhase section */

/* Begin PBXTargetDependency section */
		69D47F9B1AEA978700E1F9EE /* PBXTargetDependency */ = {
			isa = PBXTargetDependency;
			target = 69D47F7F1AEA978700E1F9EE /* Quiz */;
			targetProxy = 69D47F9A1AEA978700E1F9EE /* PBXContainerItemProxy */;
		};
/* End PBXTargetDependency section */

/* Begin PBXVariantGroup section */
		69D47F921AEA978700E1F9EE /* LaunchScreen.xib */ = {
			isa = PBXVariantGroup;
			children = (
				69D47F931AEA978700E1F9EE /* Base */,
			);
			name = LaunchScreen.xib;
			sourceTree = "<group>";
		};
/* End PBXVariantGroup section */

/* Begin XCBuildConfiguration section */
		695028401AF39EB7000DACA0 /* Debug */ = {
			isa = XCBuildConfiguration;
			buildSettings = {
				ASSETCATALOG_COMPILER_APPICON_NAME = AppIcon;
				FRAMEWORK_SEARCH_PATHS = (
					"$(inherited)",
					"$(PROJECT_DIR)",
				);
				INFOPLIST_FILE = "Quiz-cal-Info.plist";
				LD_RUNPATH_SEARCH_PATHS = "$(inherited) @executable_path/Frameworks";
				OTHER_LDFLAGS = (
					"-force_load",
					"\"$(SRCROOT)/calabash.framework/calabash\"",
					"-lstdc++",
				);
				PRODUCT_NAME = "Quiz copy";
			};
			name = Debug;
		};
		695028411AF39EB7000DACA0 /* Release */ = {
			isa = XCBuildConfiguration;
			buildSettings = {
				ASSETCATALOG_COMPILER_APPICON_NAME = AppIcon;
				FRAMEWORK_SEARCH_PATHS = (
					"$(inherited)",
					"$(PROJECT_DIR)",
				);
				INFOPLIST_FILE = "Quiz-cal-Info.plist";
				LD_RUNPATH_SEARCH_PATHS = "$(inherited) @executable_path/Frameworks";
				OTHER_LDFLAGS = (
					"-force_load",
					"\"$(SRCROOT)/calabash.framework/calabash\"",
					"-lstdc++",
				);
				PRODUCT_NAME = "Quiz copy";
			};
			name = Release;
		};
		69D47FA11AEA978700E1F9EE /* Debug */ = {
			isa = XCBuildConfiguration;
			buildSettings = {
				ALWAYS_SEARCH_USER_PATHS = NO;
				CLANG_CXX_LANGUAGE_STANDARD = "gnu++0x";
				CLANG_CXX_LIBRARY = "libc++";
				CLANG_ENABLE_MODULES = YES;
				CLANG_ENABLE_OBJC_ARC = YES;
				CLANG_WARN_BOOL_CONVERSION = YES;
				CLANG_WARN_CONSTANT_CONVERSION = YES;
				CLANG_WARN_DIRECT_OBJC_ISA_USAGE = YES_ERROR;
				CLANG_WARN_EMPTY_BODY = YES;
				CLANG_WARN_ENUM_CONVERSION = YES;
				CLANG_WARN_INT_CONVERSION = YES;
				CLANG_WARN_OBJC_ROOT_CLASS = YES_ERROR;
				CLANG_WARN_UNREACHABLE_CODE = YES;
				CLANG_WARN__DUPLICATE_METHOD_MATCH = YES;
				"CODE_SIGN_IDENTITY[sdk=iphoneos*]" = "iPhone Developer";
				COPY_PHASE_STRIP = NO;
				ENABLE_STRICT_OBJC_MSGSEND = YES;
				GCC_C_LANGUAGE_STANDARD = gnu99;
				GCC_DYNAMIC_NO_PIC = NO;
				GCC_OPTIMIZATION_LEVEL = 0;
				GCC_PREPROCESSOR_DEFINITIONS = (
					"DEBUG=1",
					"$(inherited)",
				);
				GCC_SYMBOLS_PRIVATE_EXTERN = NO;
				GCC_WARN_64_TO_32_BIT_CONVERSION = YES;
				GCC_WARN_ABOUT_RETURN_TYPE = YES_ERROR;
				GCC_WARN_UNDECLARED_SELECTOR = YES;
				GCC_WARN_UNINITIALIZED_AUTOS = YES_AGGRESSIVE;
				GCC_WARN_UNUSED_FUNCTION = YES;
				GCC_WARN_UNUSED_VARIABLE = YES;
				IPHONEOS_DEPLOYMENT_TARGET = 8.1;
				MTL_ENABLE_DEBUG_INFO = YES;
				ONLY_ACTIVE_ARCH = YES;
				SDKROOT = iphoneos;
				TARGETED_DEVICE_FAMILY = "1,2";
			};
			name = Debug;
		};
		69D47FA21AEA978700E1F9EE /* Release */ = {
			isa = XCBuildConfiguration;
			buildSettings = {
				ALWAYS_SEARCH_USER_PATHS = NO;
				CLANG_CXX_LANGUAGE_STANDARD = "gnu++0x";
				CLANG_CXX_LIBRARY = "libc++";
				CLANG_ENABLE_MODULES = YES;
				CLANG_ENABLE_OBJC_ARC = YES;
				CLANG_WARN_BOOL_CONVERSION = YES;
				CLANG_WARN_CONSTANT_CONVERSION = YES;
				CLANG_WARN_DIRECT_OBJC_ISA_USAGE = YES_ERROR;
				CLANG_WARN_EMPTY_BODY = YES;
				CLANG_WARN_ENUM_CONVERSION = YES;
				CLANG_WARN_INT_CONVERSION = YES;
				CLANG_WARN_OBJC_ROOT_CLASS = YES_ERROR;
				CLANG_WARN_UNREACHABLE_CODE = YES;
				CLANG_WARN__DUPLICATE_METHOD_MATCH = YES;
				"CODE_SIGN_IDENTITY[sdk=iphoneos*]" = "iPhone Developer";
				COPY_PHASE_STRIP = YES;
				ENABLE_NS_ASSERTIONS = NO;
				ENABLE_STRICT_OBJC_MSGSEND = YES;
				GCC_C_LANGUAGE_STANDARD = gnu99;
				GCC_WARN_64_TO_32_BIT_CONVERSION = YES;
				GCC_WARN_ABOUT_RETURN_TYPE = YES_ERROR;
				GCC_WARN_UNDECLARED_SELECTOR = YES;
				GCC_WARN_UNINITIALIZED_AUTOS = YES_AGGRESSIVE;
				GCC_WARN_UNUSED_FUNCTION = YES;
				GCC_WARN_UNUSED_VARIABLE = YES;
				IPHONEOS_DEPLOYMENT_TARGET = 8.1;
				MTL_ENABLE_DEBUG_INFO = NO;
				SDKROOT = iphoneos;
				TARGETED_DEVICE_FAMILY = "1,2";
				VALIDATE_PRODUCT = YES;
			};
			name = Release;
		};
		69D47FA41AEA978700E1F9EE /* Debug */ = {
			isa = XCBuildConfiguration;
			buildSettings = {
				ASSETCATALOG_COMPILER_APPICON_NAME = AppIcon;
				INFOPLIST_FILE = Quiz/Info.plist;
				LD_RUNPATH_SEARCH_PATHS = "$(inherited) @executable_path/Frameworks";
				PRODUCT_NAME = "$(TARGET_NAME)";
			};
			name = Debug;
		};
		69D47FA51AEA978700E1F9EE /* Release */ = {
			isa = XCBuildConfiguration;
			buildSettings = {
				ASSETCATALOG_COMPILER_APPICON_NAME = AppIcon;
				INFOPLIST_FILE = Quiz/Info.plist;
				LD_RUNPATH_SEARCH_PATHS = "$(inherited) @executable_path/Frameworks";
				PRODUCT_NAME = "$(TARGET_NAME)";
			};
			name = Release;
		};
		69D47FA71AEA978700E1F9EE /* Debug */ = {
			isa = XCBuildConfiguration;
			baseConfigurationReference = 76189208B3867C6C4ACBA8D2 /* Pods-QuizTests.debug.xcconfig */;
			buildSettings = {
				BUNDLE_LOADER = "$(TEST_HOST)";
				FRAMEWORK_SEARCH_PATHS = (
					"$(SDKROOT)/Developer/Library/Frameworks",
					"$(inherited)",
				);
				GCC_PREPROCESSOR_DEFINITIONS = (
					"DEBUG=1",
					"$(inherited)",
				);
				INFOPLIST_FILE = QuizTests/Info.plist;
				LD_RUNPATH_SEARCH_PATHS = "$(inherited) @executable_path/Frameworks @loader_path/Frameworks";
				PRODUCT_NAME = "$(TARGET_NAME)";
				TEST_HOST = "$(BUILT_PRODUCTS_DIR)/Quiz.app/Quiz";
			};
			name = Debug;
		};
		69D47FA81AEA978700E1F9EE /* Release */ = {
			isa = XCBuildConfiguration;
			baseConfigurationReference = 872342117CDA3C11568C5D7C /* Pods-QuizTests.release.xcconfig */;
			buildSettings = {
				BUNDLE_LOADER = "$(TEST_HOST)";
				FRAMEWORK_SEARCH_PATHS = (
					"$(SDKROOT)/Developer/Library/Frameworks",
					"$(inherited)",
				);
				INFOPLIST_FILE = QuizTests/Info.plist;
				LD_RUNPATH_SEARCH_PATHS = "$(inherited) @executable_path/Frameworks @loader_path/Frameworks";
				PRODUCT_NAME = "$(TARGET_NAME)";
				TEST_HOST = "$(BUILT_PRODUCTS_DIR)/Quiz.app/Quiz";
			};
			name = Release;
		};
/* End XCBuildConfiguration section */

/* Begin XCConfigurationList section */
		6950283F1AF39EB7000DACA0 /* Build configuration list for PBXNativeTarget "Quiz-cal" */ = {
			isa = XCConfigurationList;
			buildConfigurations = (
				695028401AF39EB7000DACA0 /* Debug */,
				695028411AF39EB7000DACA0 /* Release */,
			);
			defaultConfigurationIsVisible = 0;
			defaultConfigurationName = Release;
		};
		69D47F7B1AEA978700E1F9EE /* Build configuration list for PBXProject "Quiz" */ = {
			isa = XCConfigurationList;
			buildConfigurations = (
				69D47FA11AEA978700E1F9EE /* Debug */,
				69D47FA21AEA978700E1F9EE /* Release */,
			);
			defaultConfigurationIsVisible = 0;
			defaultConfigurationName = Release;
		};
		69D47FA31AEA978700E1F9EE /* Build configuration list for PBXNativeTarget "Quiz" */ = {
			isa = XCConfigurationList;
			buildConfigurations = (
				69D47FA41AEA978700E1F9EE /* Debug */,
				69D47FA51AEA978700E1F9EE /* Release */,
			);
			defaultConfigurationIsVisible = 0;
			defaultConfigurationName = Release;
		};
		69D47FA61AEA978700E1F9EE /* Build configuration list for PBXNativeTarget "QuizTests" */ = {
			isa = XCConfigurationList;
			buildConfigurations = (
				69D47FA71AEA978700E1F9EE /* Debug */,
				69D47FA81AEA978700E1F9EE /* Release */,
			);
			defaultConfigurationIsVisible = 0;
			defaultConfigurationName = Release;
		};
/* End XCConfigurationList section */
	};
	rootObject = 69D47F781AEA978700E1F9EE /* Project object */;
}
